
Microsoft Visual Studio Solution File, Format Version 12.00
# Visual Studio Version 17
VisualStudioVersion = 17.5.002.0
MinimumVisualStudioVersion = 10.0.40219.1
Project("{9A19103F-16F7-4668-BE54-9A1E7A4F7556}") = "RF5Fix", "RF5Fix.csproj", "{C7A5D295-E211-4E8A-8BA9-AD0FC0631CA7}"
EndProject
Global
	GlobalSection(SolutionConfigurationPlatforms) = preSolution
		Debug|Any CPU = Debug|Any CPU
		Release|Any CPU = Release|Any CPU
	EndGlobalSection
	GlobalSection(ProjectConfigurationPlatforms) = postSolution
		{C7A5D295-E211-4E8A-8BA9-AD0FC0631CA7}.Debug|Any CPU.ActiveCfg = Debug|Any CPU
		{C7A5D295-E211-4E8A-8BA9-AD0FC0631CA7}.Debug|Any CPU.Build.0 = Debug|Any CPU
		{C7A5D295-E211-4E8A-8BA9-AD0FC0631CA7}.Release|Any CPU.ActiveCfg = Release|Any CPU
		{C7A5D295-E211-4E8A-8BA9-AD0FC0631CA7}.Release|Any CPU.Build.0 = Release|Any CPU
	EndGlobalSection
	GlobalSection(SolutionProperties) = preSolution
		HideSolutionNode = FALSE
	EndGlobalSection
	GlobalSection(ExtensibilityGlobals) = postSolution
		SolutionGuid = {9CC666FE-4AC6-49B9-8355-A24C36EFBA1F}
	EndGlobalSection
EndGlobal
